// !$*UTF8*$!
{
	archiveVersion = 1;
	classes = {
	};
	objectVersion = 51;
	objects = {

/* Begin PBXBuildFile section */
		2166CFB525A641CE00C9B01B /* ExercisesViewController.swift in Sources */ = {isa = PBXBuildFile; fileRef = 2166CFB425A641CE00C9B01B /* ExercisesViewController.swift */; };
		2166CFB925A6434A00C9B01B /* ExerciseCollectionViewCell.swift in Sources */ = {isa = PBXBuildFile; fileRef = 2166CFB725A6434A00C9B01B /* ExerciseCollectionViewCell.swift */; };
		2166CFBA25A6434A00C9B01B /* ExerciseCollectionViewCell.xib in Resources */ = {isa = PBXBuildFile; fileRef = 2166CFB825A6434A00C9B01B /* ExerciseCollectionViewCell.xib */; };
		216E88D325A0FD570027B139 /* SubBodyPartTableViewCell.swift in Sources */ = {isa = PBXBuildFile; fileRef = 216E88D125A0FD570027B139 /* SubBodyPartTableViewCell.swift */; };
		216E88D425A0FD570027B139 /* SubBodyPartTableViewCell.xib in Resources */ = {isa = PBXBuildFile; fileRef = 216E88D225A0FD570027B139 /* SubBodyPartTableViewCell.xib */; };
		216E88D725A0FDA10027B139 /* SubBodyPartsViewController.swift in Sources */ = {isa = PBXBuildFile; fileRef = 216E88D625A0FDA10027B139 /* SubBodyPartsViewController.swift */; };
		21843D59259A0C0100BE5FCB /* User.swift in Sources */ = {isa = PBXBuildFile; fileRef = 21843D58259A0C0100BE5FCB /* User.swift */; };
		21843D5C259A0C2400BE5FCB /* BodyPart.swift in Sources */ = {isa = PBXBuildFile; fileRef = 21843D5B259A0C2400BE5FCB /* BodyPart.swift */; };
		21843D60259A0C5000BE5FCB /* Exercise.swift in Sources */ = {isa = PBXBuildFile; fileRef = 21843D5F259A0C5000BE5FCB /* Exercise.swift */; };
		21843D63259A0CF100BE5FCB /* Machine.swift in Sources */ = {isa = PBXBuildFile; fileRef = 21843D62259A0CF100BE5FCB /* Machine.swift */; };
		21843D66259A0D6200BE5FCB /* Tip.swift in Sources */ = {isa = PBXBuildFile; fileRef = 21843D65259A0D6200BE5FCB /* Tip.swift */; };
		21843D6A259A10DC00BE5FCB /* SubBodyPart.swift in Sources */ = {isa = PBXBuildFile; fileRef = 21843D69259A10DC00BE5FCB /* SubBodyPart.swift */; };
		21843D9125A0D16F00BE5FCB /* BodyPartTableViewCell.swift in Sources */ = {isa = PBXBuildFile; fileRef = 21843D8F25A0D16F00BE5FCB /* BodyPartTableViewCell.swift */; };
		21843D9225A0D16F00BE5FCB /* BodyPartTableViewCell.xib in Resources */ = {isa = PBXBuildFile; fileRef = 21843D9025A0D16F00BE5FCB /* BodyPartTableViewCell.xib */; };
		21B163D42597E65800096ECA /* RegistrationViewController.swift in Sources */ = {isa = PBXBuildFile; fileRef = 21B163D32597E65800096ECA /* RegistrationViewController.swift */; };
		21B163DE2597EC0900096ECA /* Strings.swift in Sources */ = {isa = PBXBuildFile; fileRef = 21B163DD2597EC0900096ECA /* Strings.swift */; };
		21B163E12597F1E400096ECA /* BodyPartsViewController.swift in Sources */ = {isa = PBXBuildFile; fileRef = 21B163E02597F1E400096ECA /* BodyPartsViewController.swift */; };
		21B163E42598ABF100096ECA /* ProfileViewController.swift in Sources */ = {isa = PBXBuildFile; fileRef = 21B163E32598ABF100096ECA /* ProfileViewController.swift */; };
		5284165F2585819B00D708DF /* GoogleService-Info.plist in Resources */ = {isa = PBXBuildFile; fileRef = 5284165E2585819B00D708DF /* GoogleService-Info.plist */; };
		52F43646257BA0CA0040A4D0 /* AppDelegate.swift in Sources */ = {isa = PBXBuildFile; fileRef = 52F43645257BA0CA0040A4D0 /* AppDelegate.swift */; };
		52F43648257BA0CA0040A4D0 /* SceneDelegate.swift in Sources */ = {isa = PBXBuildFile; fileRef = 52F43647257BA0CA0040A4D0 /* SceneDelegate.swift */; };
		52F4364A257BA0CA0040A4D0 /* LoginViewController.swift in Sources */ = {isa = PBXBuildFile; fileRef = 52F43649257BA0CA0040A4D0 /* LoginViewController.swift */; };
		52F4364D257BA0CA0040A4D0 /* Main.storyboard in Resources */ = {isa = PBXBuildFile; fileRef = 52F4364B257BA0CA0040A4D0 /* Main.storyboard */; };
		52F4364F257BA0CE0040A4D0 /* Assets.xcassets in Resources */ = {isa = PBXBuildFile; fileRef = 52F4364E257BA0CE0040A4D0 /* Assets.xcassets */; };
		52F43652257BA0CE0040A4D0 /* LaunchScreen.storyboard in Resources */ = {isa = PBXBuildFile; fileRef = 52F43650257BA0CE0040A4D0 /* LaunchScreen.storyboard */; };
		5E117B32FB733628F66BC6EB /* Pods_Fit_Buddies.framework in Frameworks */ = {isa = PBXBuildFile; fileRef = F6B50ABBD9898B39B468DBBA /* Pods_Fit_Buddies.framework */; };
/* End PBXBuildFile section */

/* Begin PBXFileReference section */
		053470D6766D911452D82A99 /* Pods-Fit Buddies.release.xcconfig */ = {isa = PBXFileReference; includeInIndex = 1; lastKnownFileType = text.xcconfig; name = "Pods-Fit Buddies.release.xcconfig"; path = "Target Support Files/Pods-Fit Buddies/Pods-Fit Buddies.release.xcconfig"; sourceTree = "<group>"; };
		2166CFB425A641CE00C9B01B /* ExercisesViewController.swift */ = {isa = PBXFileReference; lastKnownFileType = sourcecode.swift; path = ExercisesViewController.swift; sourceTree = "<group>"; };
		2166CFB725A6434A00C9B01B /* ExerciseCollectionViewCell.swift */ = {isa = PBXFileReference; lastKnownFileType = sourcecode.swift; path = ExerciseCollectionViewCell.swift; sourceTree = "<group>"; };
		2166CFB825A6434A00C9B01B /* ExerciseCollectionViewCell.xib */ = {isa = PBXFileReference; lastKnownFileType = file.xib; path = ExerciseCollectionViewCell.xib; sourceTree = "<group>"; };
		216E88D125A0FD570027B139 /* SubBodyPartTableViewCell.swift */ = {isa = PBXFileReference; lastKnownFileType = sourcecode.swift; path = SubBodyPartTableViewCell.swift; sourceTree = "<group>"; };
		216E88D225A0FD570027B139 /* SubBodyPartTableViewCell.xib */ = {isa = PBXFileReference; lastKnownFileType = file.xib; path = SubBodyPartTableViewCell.xib; sourceTree = "<group>"; };
		216E88D625A0FDA10027B139 /* SubBodyPartsViewController.swift */ = {isa = PBXFileReference; lastKnownFileType = sourcecode.swift; path = SubBodyPartsViewController.swift; sourceTree = "<group>"; };
		21843D58259A0C0100BE5FCB /* User.swift */ = {isa = PBXFileReference; lastKnownFileType = sourcecode.swift; path = User.swift; sourceTree = "<group>"; };
		21843D5B259A0C2400BE5FCB /* BodyPart.swift */ = {isa = PBXFileReference; lastKnownFileType = sourcecode.swift; path = BodyPart.swift; sourceTree = "<group>"; };
		21843D5F259A0C5000BE5FCB /* Exercise.swift */ = {isa = PBXFileReference; lastKnownFileType = sourcecode.swift; path = Exercise.swift; sourceTree = "<group>"; };
		21843D62259A0CF100BE5FCB /* Machine.swift */ = {isa = PBXFileReference; lastKnownFileType = sourcecode.swift; path = Machine.swift; sourceTree = "<group>"; };
		21843D65259A0D6200BE5FCB /* Tip.swift */ = {isa = PBXFileReference; lastKnownFileType = sourcecode.swift; path = Tip.swift; sourceTree = "<group>"; };
		21843D69259A10DC00BE5FCB /* SubBodyPart.swift */ = {isa = PBXFileReference; lastKnownFileType = sourcecode.swift; path = SubBodyPart.swift; sourceTree = "<group>"; };
		21843D8F25A0D16F00BE5FCB /* BodyPartTableViewCell.swift */ = {isa = PBXFileReference; lastKnownFileType = sourcecode.swift; path = BodyPartTableViewCell.swift; sourceTree = "<group>"; };
		21843D9025A0D16F00BE5FCB /* BodyPartTableViewCell.xib */ = {isa = PBXFileReference; lastKnownFileType = file.xib; path = BodyPartTableViewCell.xib; sourceTree = "<group>"; };
		21B163D32597E65800096ECA /* RegistrationViewController.swift */ = {isa = PBXFileReference; lastKnownFileType = sourcecode.swift; path = RegistrationViewController.swift; sourceTree = "<group>"; };
		21B163DD2597EC0900096ECA /* Strings.swift */ = {isa = PBXFileReference; lastKnownFileType = sourcecode.swift; path = Strings.swift; sourceTree = "<group>"; };
		21B163E02597F1E400096ECA /* BodyPartsViewController.swift */ = {isa = PBXFileReference; lastKnownFileType = sourcecode.swift; path = BodyPartsViewController.swift; sourceTree = "<group>"; };
		21B163E32598ABF100096ECA /* ProfileViewController.swift */ = {isa = PBXFileReference; lastKnownFileType = sourcecode.swift; path = ProfileViewController.swift; sourceTree = "<group>"; };
		5284165E2585819B00D708DF /* GoogleService-Info.plist */ = {isa = PBXFileReference; fileEncoding = 4; lastKnownFileType = text.plist.xml; path = "GoogleService-Info.plist"; sourceTree = "<group>"; };
		52F43642257BA0CA0040A4D0 /* Fit Buddies.app */ = {isa = PBXFileReference; explicitFileType = wrapper.application; includeInIndex = 0; path = "Fit Buddies.app"; sourceTree = BUILT_PRODUCTS_DIR; };
		52F43645257BA0CA0040A4D0 /* AppDelegate.swift */ = {isa = PBXFileReference; lastKnownFileType = sourcecode.swift; path = AppDelegate.swift; sourceTree = "<group>"; };
		52F43647257BA0CA0040A4D0 /* SceneDelegate.swift */ = {isa = PBXFileReference; lastKnownFileType = sourcecode.swift; path = SceneDelegate.swift; sourceTree = "<group>"; };
		52F43649257BA0CA0040A4D0 /* LoginViewController.swift */ = {isa = PBXFileReference; lastKnownFileType = sourcecode.swift; path = LoginViewController.swift; sourceTree = "<group>"; };
		52F4364C257BA0CA0040A4D0 /* Base */ = {isa = PBXFileReference; lastKnownFileType = file.storyboard; name = Base; path = Base.lproj/Main.storyboard; sourceTree = "<group>"; };
		52F4364E257BA0CE0040A4D0 /* Assets.xcassets */ = {isa = PBXFileReference; lastKnownFileType = folder.assetcatalog; path = Assets.xcassets; sourceTree = "<group>"; };
		52F43651257BA0CE0040A4D0 /* Base */ = {isa = PBXFileReference; lastKnownFileType = file.storyboard; name = Base; path = Base.lproj/LaunchScreen.storyboard; sourceTree = "<group>"; };
		52F43653257BA0CE0040A4D0 /* Info.plist */ = {isa = PBXFileReference; lastKnownFileType = text.plist.xml; path = Info.plist; sourceTree = "<group>"; };
		74B5C2380B296FD90A843500 /* Pods-Fit Buddies.debug.xcconfig */ = {isa = PBXFileReference; includeInIndex = 1; lastKnownFileType = text.xcconfig; name = "Pods-Fit Buddies.debug.xcconfig"; path = "Target Support Files/Pods-Fit Buddies/Pods-Fit Buddies.debug.xcconfig"; sourceTree = "<group>"; };
		F6B50ABBD9898B39B468DBBA /* Pods_Fit_Buddies.framework */ = {isa = PBXFileReference; explicitFileType = wrapper.framework; includeInIndex = 0; path = Pods_Fit_Buddies.framework; sourceTree = BUILT_PRODUCTS_DIR; };
/* End PBXFileReference section */

/* Begin PBXFrameworksBuildPhase section */
		52F4363F257BA0CA0040A4D0 /* Frameworks */ = {
			isa = PBXFrameworksBuildPhase;
			buildActionMask = 2147483647;
			files = (
				5E117B32FB733628F66BC6EB /* Pods_Fit_Buddies.framework in Frameworks */,
			);
			runOnlyForDeploymentPostprocessing = 0;
		};
/* End PBXFrameworksBuildPhase section */

/* Begin PBXGroup section */
		050EE6D01FD6E2E76C59783A /* Frameworks */ = {
			isa = PBXGroup;
			children = (
				F6B50ABBD9898B39B468DBBA /* Pods_Fit_Buddies.framework */,
			);
			name = Frameworks;
			sourceTree = "<group>";
		};
		21843D5E259A0C3200BE5FCB /* Models */ = {
			isa = PBXGroup;
			children = (
				21843D58259A0C0100BE5FCB /* User.swift */,
				21843D5B259A0C2400BE5FCB /* BodyPart.swift */,
				21843D5F259A0C5000BE5FCB /* Exercise.swift */,
				21843D62259A0CF100BE5FCB /* Machine.swift */,
				21843D65259A0D6200BE5FCB /* Tip.swift */,
				21843D69259A10DC00BE5FCB /* SubBodyPart.swift */,
			);
			path = Models;
			sourceTree = "<group>";
		};
		21843D9425A0D17D00BE5FCB /* Views */ = {
			isa = PBXGroup;
			children = (
				21843D8F25A0D16F00BE5FCB /* BodyPartTableViewCell.swift */,
				21843D9025A0D16F00BE5FCB /* BodyPartTableViewCell.xib */,
				216E88D125A0FD570027B139 /* SubBodyPartTableViewCell.swift */,
				216E88D225A0FD570027B139 /* SubBodyPartTableViewCell.xib */,
				2166CFB725A6434A00C9B01B /* ExerciseCollectionViewCell.swift */,
				2166CFB825A6434A00C9B01B /* ExerciseCollectionViewCell.xib */,
			);
			path = Views;
			sourceTree = "<group>";
		};
		21B163CC2597708B00096ECA /* Storyboard */ = {
			isa = PBXGroup;
			children = (
				52F43650257BA0CE0040A4D0 /* LaunchScreen.storyboard */,
				52F4364B257BA0CA0040A4D0 /* Main.storyboard */,
			);
			path = Storyboard;
			sourceTree = "<group>";
		};
		21B163CD259770A000096ECA /* UtilsDelegates */ = {
			isa = PBXGroup;
			children = (
				52F43645257BA0CA0040A4D0 /* AppDelegate.swift */,
				52F43647257BA0CA0040A4D0 /* SceneDelegate.swift */,
				21B163DD2597EC0900096ECA /* Strings.swift */,
			);
			path = UtilsDelegates;
			sourceTree = "<group>";
		};
		21B163CE259770C800096ECA /* Controllers */ = {
			isa = PBXGroup;
			children = (
				52F43649257BA0CA0040A4D0 /* LoginViewController.swift */,
				21B163D32597E65800096ECA /* RegistrationViewController.swift */,
				21B163E02597F1E400096ECA /* BodyPartsViewController.swift */,
				21B163E32598ABF100096ECA /* ProfileViewController.swift */,
				216E88D625A0FDA10027B139 /* SubBodyPartsViewController.swift */,
				2166CFB425A641CE00C9B01B /* ExercisesViewController.swift */,
			);
			path = Controllers;
			sourceTree = "<group>";
		};
		52F43639257BA0CA0040A4D0 = {
			isa = PBXGroup;
			children = (
				52F43644257BA0CA0040A4D0 /* Fit Buddies */,
				52F43643257BA0CA0040A4D0 /* Products */,
				8E830B6A969C134E33AC0A40 /* Pods */,
				050EE6D01FD6E2E76C59783A /* Frameworks */,
			);
			sourceTree = "<group>";
		};
		52F43643257BA0CA0040A4D0 /* Products */ = {
			isa = PBXGroup;
			children = (
				52F43642257BA0CA0040A4D0 /* Fit Buddies.app */,
			);
			name = Products;
			sourceTree = "<group>";
		};
		52F43644257BA0CA0040A4D0 /* Fit Buddies */ = {
			isa = PBXGroup;
			children = (
				5284165E2585819B00D708DF /* GoogleService-Info.plist */,
				52F43653257BA0CE0040A4D0 /* Info.plist */,
				21B163CD259770A000096ECA /* UtilsDelegates */,
				21B163CE259770C800096ECA /* Controllers */,
				21B163CC2597708B00096ECA /* Storyboard */,
				52F4364E257BA0CE0040A4D0 /* Assets.xcassets */,
				21843D5E259A0C3200BE5FCB /* Models */,
				21843D9425A0D17D00BE5FCB /* Views */,
			);
			path = "Fit Buddies";
			sourceTree = "<group>";
		};
		8E830B6A969C134E33AC0A40 /* Pods */ = {
			isa = PBXGroup;
			children = (
				74B5C2380B296FD90A843500 /* Pods-Fit Buddies.debug.xcconfig */,
				053470D6766D911452D82A99 /* Pods-Fit Buddies.release.xcconfig */,
			);
			path = Pods;
			sourceTree = "<group>";
		};
/* End PBXGroup section */

/* Begin PBXNativeTarget section */
		52F43641257BA0CA0040A4D0 /* Fit Buddies */ = {
			isa = PBXNativeTarget;
			buildConfigurationList = 52F43656257BA0CE0040A4D0 /* Build configuration list for PBXNativeTarget "Fit Buddies" */;
			buildPhases = (
				6138EF87B7275204AD4237ED /* [CP] Check Pods Manifest.lock */,
				52F4363E257BA0CA0040A4D0 /* Sources */,
				52F4363F257BA0CA0040A4D0 /* Frameworks */,
				52F43640257BA0CA0040A4D0 /* Resources */,
				FC5544897C62EC3EC82267A1 /* [CP] Embed Pods Frameworks */,
				0F86EBC735A999857E77709F /* [CP] Copy Pods Resources */,
			);
			buildRules = (
			);
			dependencies = (
			);
			name = "Fit Buddies";
			productName = "Fit Buddies";
			productReference = 52F43642257BA0CA0040A4D0 /* Fit Buddies.app */;
			productType = "com.apple.product-type.application";
		};
/* End PBXNativeTarget section */

/* Begin PBXProject section */
		52F4363A257BA0CA0040A4D0 /* Project object */ = {
			isa = PBXProject;
			attributes = {
				LastSwiftUpdateCheck = 1220;
				LastUpgradeCheck = 1220;
				TargetAttributes = {
					52F43641257BA0CA0040A4D0 = {
						CreatedOnToolsVersion = 12.2;
					};
				};
			};
			buildConfigurationList = 52F4363D257BA0CA0040A4D0 /* Build configuration list for PBXProject "Fit Buddies" */;
			compatibilityVersion = "Xcode 9.3";
			developmentRegion = en;
			hasScannedForEncodings = 0;
			knownRegions = (
				en,
				Base,
			);
			mainGroup = 52F43639257BA0CA0040A4D0;
			productRefGroup = 52F43643257BA0CA0040A4D0 /* Products */;
			projectDirPath = "";
			projectRoot = "";
			targets = (
				52F43641257BA0CA0040A4D0 /* Fit Buddies */,
			);
		};
/* End PBXProject section */

/* Begin PBXResourcesBuildPhase section */
		52F43640257BA0CA0040A4D0 /* Resources */ = {
			isa = PBXResourcesBuildPhase;
			buildActionMask = 2147483647;
			files = (
				52F43652257BA0CE0040A4D0 /* LaunchScreen.storyboard in Resources */,
				2166CFBA25A6434A00C9B01B /* ExerciseCollectionViewCell.xib in Resources */,
				52F4364F257BA0CE0040A4D0 /* Assets.xcassets in Resources */,
				5284165F2585819B00D708DF /* GoogleService-Info.plist in Resources */,
				216E88D425A0FD570027B139 /* SubBodyPartTableViewCell.xib in Resources */,
				21843D9225A0D16F00BE5FCB /* BodyPartTableViewCell.xib in Resources */,
				52F4364D257BA0CA0040A4D0 /* Main.storyboard in Resources */,
			);
			runOnlyForDeploymentPostprocessing = 0;
		};
/* End PBXResourcesBuildPhase section */

/* Begin PBXShellScriptBuildPhase section */
		0F86EBC735A999857E77709F /* [CP] Copy Pods Resources */ = {
			isa = PBXShellScriptBuildPhase;
			buildActionMask = 2147483647;
			files = (
			);
			inputFileListPaths = (
				"${PODS_ROOT}/Target Support Files/Pods-Fit Buddies/Pods-Fit Buddies-resources-${CONFIGURATION}-input-files.xcfilelist",
			);
			name = "[CP] Copy Pods Resources";
			outputFileListPaths = (
				"${PODS_ROOT}/Target Support Files/Pods-Fit Buddies/Pods-Fit Buddies-resources-${CONFIGURATION}-output-files.xcfilelist",
			);
			runOnlyForDeploymentPostprocessing = 0;
			shellPath = /bin/sh;
			shellScript = "\"${PODS_ROOT}/Target Support Files/Pods-Fit Buddies/Pods-Fit Buddies-resources.sh\"\n";
			showEnvVarsInLog = 0;
		};
		6138EF87B7275204AD4237ED /* [CP] Check Pods Manifest.lock */ = {
			isa = PBXShellScriptBuildPhase;
			buildActionMask = 2147483647;
			files = (
			);
			inputFileListPaths = (
			);
			inputPaths = (
				"${PODS_PODFILE_DIR_PATH}/Podfile.lock",
				"${PODS_ROOT}/Manifest.lock",
			);
			name = "[CP] Check Pods Manifest.lock";
			outputFileListPaths = (
			);
			outputPaths = (
				"$(DERIVED_FILE_DIR)/Pods-Fit Buddies-checkManifestLockResult.txt",
			);
			runOnlyForDeploymentPostprocessing = 0;
			shellPath = /bin/sh;
			shellScript = "diff \"${PODS_PODFILE_DIR_PATH}/Podfile.lock\" \"${PODS_ROOT}/Manifest.lock\" > /dev/null\nif [ $? != 0 ] ; then\n    # print error to STDERR\n    echo \"error: The sandbox is not in sync with the Podfile.lock. Run 'pod install' or update your CocoaPods installation.\" >&2\n    exit 1\nfi\n# This output is used by Xcode 'outputs' to avoid re-running this script phase.\necho \"SUCCESS\" > \"${SCRIPT_OUTPUT_FILE_0}\"\n";
			showEnvVarsInLog = 0;
		};
		FC5544897C62EC3EC82267A1 /* [CP] Embed Pods Frameworks */ = {
			isa = PBXShellScriptBuildPhase;
			buildActionMask = 2147483647;
			files = (
			);
			inputFileListPaths = (
				"${PODS_ROOT}/Target Support Files/Pods-Fit Buddies/Pods-Fit Buddies-frameworks-${CONFIGURATION}-input-files.xcfilelist",
			);
			name = "[CP] Embed Pods Frameworks";
			outputFileListPaths = (
				"${PODS_ROOT}/Target Support Files/Pods-Fit Buddies/Pods-Fit Buddies-frameworks-${CONFIGURATION}-output-files.xcfilelist",
			);
			runOnlyForDeploymentPostprocessing = 0;
			shellPath = /bin/sh;
			shellScript = "\"${PODS_ROOT}/Target Support Files/Pods-Fit Buddies/Pods-Fit Buddies-frameworks.sh\"\n";
			showEnvVarsInLog = 0;
		};
/* End PBXShellScriptBuildPhase section */

/* Begin PBXSourcesBuildPhase section */
		52F4363E257BA0CA0040A4D0 /* Sources */ = {
			isa = PBXSourcesBuildPhase;
			buildActionMask = 2147483647;
			files = (
				52F4364A257BA0CA0040A4D0 /* LoginViewController.swift in Sources */,
				52F43646257BA0CA0040A4D0 /* AppDelegate.swift in Sources */,
				21B163DE2597EC0900096ECA /* Strings.swift in Sources */,
				21843D63259A0CF100BE5FCB /* Machine.swift in Sources */,
				2166CFB525A641CE00C9B01B /* ExercisesViewController.swift in Sources */,
				21B163E12597F1E400096ECA /* BodyPartsViewController.swift in Sources */,
				21843D59259A0C0100BE5FCB /* User.swift in Sources */,
				21843D9125A0D16F00BE5FCB /* BodyPartTableViewCell.swift in Sources */,
				2166CFB925A6434A00C9B01B /* ExerciseCollectionViewCell.swift in Sources */,
				21843D60259A0C5000BE5FCB /* Exercise.swift in Sources */,
				216E88D725A0FDA10027B139 /* SubBodyPartsViewController.swift in Sources */,
				21B163E42598ABF100096ECA /* ProfileViewController.swift in Sources */,
				21843D6A259A10DC00BE5FCB /* SubBodyPart.swift in Sources */,
				216E88D325A0FD570027B139 /* SubBodyPartTableViewCell.swift in Sources */,
				21B163D42597E65800096ECA /* RegistrationViewController.swift in Sources */,
				21843D66259A0D6200BE5FCB /* Tip.swift in Sources */,
				21843D5C259A0C2400BE5FCB /* BodyPart.swift in Sources */,
				52F43648257BA0CA0040A4D0 /* SceneDelegate.swift in Sources */,
			);
			runOnlyForDeploymentPostprocessing = 0;
		};
/* End PBXSourcesBuildPhase section */

/* Begin PBXVariantGroup section */
		52F4364B257BA0CA0040A4D0 /* Main.storyboard */ = {
			isa = PBXVariantGroup;
			children = (
				52F4364C257BA0CA0040A4D0 /* Base */,
			);
			name = Main.storyboard;
			sourceTree = "<group>";
		};
		52F43650257BA0CE0040A4D0 /* LaunchScreen.storyboard */ = {
			isa = PBXVariantGroup;
			children = (
				52F43651257BA0CE0040A4D0 /* Base */,
			);
			name = LaunchScreen.storyboard;
			sourceTree = "<group>";
		};
/* End PBXVariantGroup section */

/* Begin XCBuildConfiguration section */
		52F43654257BA0CE0040A4D0 /* Debug */ = {
			isa = XCBuildConfiguration;
			buildSettings = {
				ALWAYS_SEARCH_USER_PATHS = NO;
				CLANG_ANALYZER_NONNULL = YES;
				CLANG_ANALYZER_NUMBER_OBJECT_CONVERSION = YES_AGGRESSIVE;
				CLANG_CXX_LANGUAGE_STANDARD = "gnu++14";
				CLANG_CXX_LIBRARY = "libc++";
				CLANG_ENABLE_MODULES = YES;
				CLANG_ENABLE_OBJC_ARC = YES;
				CLANG_ENABLE_OBJC_WEAK = YES;
				CLANG_WARN_BLOCK_CAPTURE_AUTORELEASING = YES;
				CLANG_WARN_BOOL_CONVERSION = YES;
				CLANG_WARN_COMMA = YES;
				CLANG_WARN_CONSTANT_CONVERSION = YES;
				CLANG_WARN_DEPRECATED_OBJC_IMPLEMENTATIONS = YES;
				CLANG_WARN_DIRECT_OBJC_ISA_USAGE = YES_ERROR;
				CLANG_WARN_DOCUMENTATION_COMMENTS = YES;
				CLANG_WARN_EMPTY_BODY = YES;
				CLANG_WARN_ENUM_CONVERSION = YES;
				CLANG_WARN_INFINITE_RECURSION = YES;
				CLANG_WARN_INT_CONVERSION = YES;
				CLANG_WARN_NON_LITERAL_NULL_CONVERSION = YES;
				CLANG_WARN_OBJC_IMPLICIT_RETAIN_SELF = YES;
				CLANG_WARN_OBJC_LITERAL_CONVERSION = YES;
				CLANG_WARN_OBJC_ROOT_CLASS = YES_ERROR;
				CLANG_WARN_QUOTED_INCLUDE_IN_FRAMEWORK_HEADER = YES;
				CLANG_WARN_RANGE_LOOP_ANALYSIS = YES;
				CLANG_WARN_STRICT_PROTOTYPES = YES;
				CLANG_WARN_SUSPICIOUS_MOVE = YES;
				CLANG_WARN_UNGUARDED_AVAILABILITY = YES_AGGRESSIVE;
				CLANG_WARN_UNREACHABLE_CODE = YES;
				CLANG_WARN__DUPLICATE_METHOD_MATCH = YES;
				COPY_PHASE_STRIP = NO;
				DEBUG_INFORMATION_FORMAT = dwarf;
				ENABLE_STRICT_OBJC_MSGSEND = YES;
				ENABLE_TESTABILITY = YES;
				GCC_C_LANGUAGE_STANDARD = gnu11;
				GCC_DYNAMIC_NO_PIC = NO;
				GCC_NO_COMMON_BLOCKS = YES;
				GCC_OPTIMIZATION_LEVEL = 0;
				GCC_PREPROCESSOR_DEFINITIONS = (
					"DEBUG=1",
					"$(inherited)",
				);
				GCC_WARN_64_TO_32_BIT_CONVERSION = YES;
				GCC_WARN_ABOUT_RETURN_TYPE = YES_ERROR;
				GCC_WARN_UNDECLARED_SELECTOR = YES;
				GCC_WARN_UNINITIALIZED_AUTOS = YES_AGGRESSIVE;
				GCC_WARN_UNUSED_FUNCTION = YES;
				GCC_WARN_UNUSED_VARIABLE = YES;
				IPHONEOS_DEPLOYMENT_TARGET = 13.0;
				MTL_ENABLE_DEBUG_INFO = INCLUDE_SOURCE;
				MTL_FAST_MATH = YES;
				ONLY_ACTIVE_ARCH = YES;
				SDKROOT = iphoneos;
				SWIFT_ACTIVE_COMPILATION_CONDITIONS = DEBUG;
				SWIFT_OPTIMIZATION_LEVEL = "-Onone";
			};
			name = Debug;
		};
		52F43655257BA0CE0040A4D0 /* Release */ = {
			isa = XCBuildConfiguration;
			buildSettings = {
				ALWAYS_SEARCH_USER_PATHS = NO;
				CLANG_ANALYZER_NONNULL = YES;
				CLANG_ANALYZER_NUMBER_OBJECT_CONVERSION = YES_AGGRESSIVE;
				CLANG_CXX_LANGUAGE_STANDARD = "gnu++14";
				CLANG_CXX_LIBRARY = "libc++";
				CLANG_ENABLE_MODULES = YES;
				CLANG_ENABLE_OBJC_ARC = YES;
				CLANG_ENABLE_OBJC_WEAK = YES;
				CLANG_WARN_BLOCK_CAPTURE_AUTORELEASING = YES;
				CLANG_WARN_BOOL_CONVERSION = YES;
				CLANG_WARN_COMMA = YES;
				CLANG_WARN_CONSTANT_CONVERSION = YES;
				CLANG_WARN_DEPRECATED_OBJC_IMPLEMENTATIONS = YES;
				CLANG_WARN_DIRECT_OBJC_ISA_USAGE = YES_ERROR;
				CLANG_WARN_DOCUMENTATION_COMMENTS = YES;
				CLANG_WARN_EMPTY_BODY = YES;
				CLANG_WARN_ENUM_CONVERSION = YES;
				CLANG_WARN_INFINITE_RECURSION = YES;
				CLANG_WARN_INT_CONVERSION = YES;
				CLANG_WARN_NON_LITERAL_NULL_CONVERSION = YES;
				CLANG_WARN_OBJC_IMPLICIT_RETAIN_SELF = YES;
				CLANG_WARN_OBJC_LITERAL_CONVERSION = YES;
				CLANG_WARN_OBJC_ROOT_CLASS = YES_ERROR;
				CLANG_WARN_QUOTED_INCLUDE_IN_FRAMEWORK_HEADER = YES;
				CLANG_WARN_RANGE_LOOP_ANALYSIS = YES;
				CLANG_WARN_STRICT_PROTOTYPES = YES;
				CLANG_WARN_SUSPICIOUS_MOVE = YES;
				CLANG_WARN_UNGUARDED_AVAILABILITY = YES_AGGRESSIVE;
				CLANG_WARN_UNREACHABLE_CODE = YES;
				CLANG_WARN__DUPLICATE_METHOD_MATCH = YES;
				COPY_PHASE_STRIP = NO;
				DEBUG_INFORMATION_FORMAT = "dwarf-with-dsym";
				ENABLE_NS_ASSERTIONS = NO;
				ENABLE_STRICT_OBJC_MSGSEND = YES;
				GCC_C_LANGUAGE_STANDARD = gnu11;
				GCC_NO_COMMON_BLOCKS = YES;
				GCC_WARN_64_TO_32_BIT_CONVERSION = YES;
				GCC_WARN_ABOUT_RETURN_TYPE = YES_ERROR;
				GCC_WARN_UNDECLARED_SELECTOR = YES;
				GCC_WARN_UNINITIALIZED_AUTOS = YES_AGGRESSIVE;
				GCC_WARN_UNUSED_FUNCTION = YES;
				GCC_WARN_UNUSED_VARIABLE = YES;
				IPHONEOS_DEPLOYMENT_TARGET = 13.0;
				MTL_ENABLE_DEBUG_INFO = NO;
				MTL_FAST_MATH = YES;
				SDKROOT = iphoneos;
				SWIFT_COMPILATION_MODE = wholemodule;
				SWIFT_OPTIMIZATION_LEVEL = "-O";
				VALIDATE_PRODUCT = YES;
			};
			name = Release;
		};
		52F43657257BA0CE0040A4D0 /* Debug */ = {
			isa = XCBuildConfiguration;
			baseConfigurationReference = 74B5C2380B296FD90A843500 /* Pods-Fit Buddies.debug.xcconfig */;
			buildSettings = {
				ASSETCATALOG_COMPILER_APPICON_NAME = AppIcon;
				ASSETCATALOG_COMPILER_GLOBAL_ACCENT_COLOR_NAME = AccentColor;
				CODE_SIGN_STYLE = Automatic;
				DEVELOPMENT_TEAM = 6KZVJ2TP4D;
				INFOPLIST_FILE = "Fit Buddies/Info.plist";
				LD_RUNPATH_SEARCH_PATHS = (
					"$(inherited)",
					"@executable_path/Frameworks",
				);
				PRODUCT_BUNDLE_IDENTIFIER = "com.palko.Fit-Buddies";
				PRODUCT_NAME = "$(TARGET_NAME)";
				SWIFT_VERSION = 5.0;
				TARGETED_DEVICE_FAMILY = "1,2";
			};
			name = Debug;
		};
		52F43658257BA0CE0040A4D0 /* Release */ = {
			isa = XCBuildConfiguration;
			baseConfigurationReference = 053470D6766D911452D82A99 /* Pods-Fit Buddies.release.xcconfig */;
			buildSettings = {
				ASSETCATALOG_COMPILER_APPICON_NAME = AppIcon;
				ASSETCATALOG_COMPILER_GLOBAL_ACCENT_COLOR_NAME = AccentColor;
				CODE_SIGN_STYLE = Automatic;
				DEVELOPMENT_TEAM = 6KZVJ2TP4D;
				INFOPLIST_FILE = "Fit Buddies/Info.plist";
				LD_RUNPATH_SEARCH_PATHS = (
					"$(inherited)",
					"@executable_path/Frameworks",
				);
				PRODUCT_BUNDLE_IDENTIFIER = "com.palko.Fit-Buddies";
				PRODUCT_NAME = "$(TARGET_NAME)";
				SWIFT_VERSION = 5.0;
				TARGETED_DEVICE_FAMILY = "1,2";
			};
			name = Release;
		};
/* End XCBuildConfiguration section */

/* Begin XCConfigurationList section */
		52F4363D257BA0CA0040A4D0 /* Build configuration list for PBXProject "Fit Buddies" */ = {
			isa = XCConfigurationList;
			buildConfigurations = (
				52F43654257BA0CE0040A4D0 /* Debug */,
				52F43655257BA0CE0040A4D0 /* Release */,
			);
			defaultConfigurationIsVisible = 0;
			defaultConfigurationName = Release;
		};
		52F43656257BA0CE0040A4D0 /* Build configuration list for PBXNativeTarget "Fit Buddies" */ = {
			isa = XCConfigurationList;
			buildConfigurations = (
				52F43657257BA0CE0040A4D0 /* Debug */,
				52F43658257BA0CE0040A4D0 /* Release */,
			);
			defaultConfigurationIsVisible = 0;
			defaultConfigurationName = Release;
		};
/* End XCConfigurationList section */
	};
	rootObject = 52F4363A257BA0CA0040A4D0 /* Project object */;
}
